
Microsoft Visual Studio Solution File, Format Version 12.00
# Visual Studio Version 16
VisualStudioVersion = 16.0.30517.126
MinimumVisualStudioVersion = 10.0.40219.1
Project("{FAE04EC0-301F-11D3-BF4B-00C04F79EFBC}") = "FacturacionEnLinea", "FacturacionEnLinea\FacturacionEnLinea.csproj", "{8FB89342-2509-4376-9E01-5F2A501F9DFE}"
EndProject
Project("{9A19103F-16F7-4668-BE54-9A1E7A4F7556}") = "Algoritmos", "..\..\ImpuestosNacionales\Algoritmos\Algoritmos.csproj", "{143844CB-6172-419E-9E24-75833D2278F1}"
EndProject
Project("{9A19103F-16F7-4668-BE54-9A1E7A4F7556}") = "AlgoritmosTests", "..\..\ImpuestosNacionales\AlgoritmosTests\AlgoritmosTests.csproj", "{FF7494BB-1EA2-44D5-88D9-3EC5082DFCC0}"
EndProject
Global
	GlobalSection(SolutionConfigurationPlatforms) = preSolution
		Debug|Any CPU = Debug|Any CPU
		Release|Any CPU = Release|Any CPU
	EndGlobalSection
	GlobalSection(ProjectConfigurationPlatforms) = postSolution
		{8FB89342-2509-4376-9E01-5F2A501F9DFE}.Debug|Any CPU.ActiveCfg = Debug|Any CPU
		{8FB89342-2509-4376-9E01-5F2A501F9DFE}.Debug|Any CPU.Build.0 = Debug|Any CPU
		{8FB89342-2509-4376-9E01-5F2A501F9DFE}.Release|Any CPU.ActiveCfg = Release|Any CPU
		{8FB89342-2509-4376-9E01-5F2A501F9DFE}.Release|Any CPU.Build.0 = Release|Any CPU
		{143844CB-6172-419E-9E24-75833D2278F1}.Debug|Any CPU.ActiveCfg = Debug|Any CPU
		{143844CB-6172-419E-9E24-75833D2278F1}.Debug|Any CPU.Build.0 = Debug|Any CPU
		{143844CB-6172-419E-9E24-75833D2278F1}.Release|Any CPU.ActiveCfg = Release|Any CPU
		{143844CB-6172-419E-9E24-75833D2278F1}.Release|Any CPU.Build.0 = Release|Any CPU
		{FF7494BB-1EA2-44D5-88D9-3EC5082DFCC0}.Debug|Any CPU.ActiveCfg = Debug|Any CPU
		{FF7494BB-1EA2-44D5-88D9-3EC5082DFCC0}.Debug|Any CPU.Build.0 = Debug|Any CPU
		{FF7494BB-1EA2-44D5-88D9-3EC5082DFCC0}.Release|Any CPU.ActiveCfg = Release|Any CPU
		{FF7494BB-1EA2-44D5-88D9-3EC5082DFCC0}.Release|Any CPU.Build.0 = Release|Any CPU
	EndGlobalSection
	GlobalSection(SolutionProperties) = preSolution
		HideSolutionNode = FALSE
	EndGlobalSection
	GlobalSection(ExtensibilityGlobals) = postSolution
		SolutionGuid = {C05F5C6D-F34E-418B-AB7F-9814E74DFDA6}
	EndGlobalSection
EndGlobal
